{
  "name": "debug",
  "version": "1.0.0",
  "lockfileVersion": 1,
  "requires": true,
  "dependencies": {
    "object.is": {
      "version": "1.0.0",
      "resolved": "https://registry.npm.taobao.org/object.is/download/object.is-1.0.0.tgz",
      "integrity": "sha1-m3XgXjkH2aIf3MhhXfL3oJVspvs="
    }
  }
}
